
Microsoft Visual Studio Solution File, Format Version 12.00
# Visual Studio Version 16
VisualStudioVersion = 16.0.32002.261
MinimumVisualStudioVersion = 10.0.40219.1
Project("{FAE04EC0-301F-11D3-BF4B-00C04F79EFBC}") = "LSP", "LSP\LSP.csproj", "{A4E31D2F-8141-4D1B-92F0-F126D3E6A6A8}"
EndProject
Global
	GlobalSection(SolutionConfigurationPlatforms) = preSolution
		Debug|Any CPU = Debug|Any CPU
		Release|Any CPU = Release|Any CPU
	EndGlobalSection
	GlobalSection(ProjectConfigurationPlatforms) = postSolution
		{A4E31D2F-8141-4D1B-92F0-F126D3E6A6A8}.Debug|Any CPU.ActiveCfg = Debug|Any CPU
		{A4E31D2F-8141-4D1B-92F0-F126D3E6A6A8}.Debug|Any CPU.Build.0 = Debug|Any CPU
		{A4E31D2F-8141-4D1B-92F0-F126D3E6A6A8}.Release|Any CPU.ActiveCfg = Release|Any CPU
		{A4E31D2F-8141-4D1B-92F0-F126D3E6A6A8}.Release|Any CPU.Build.0 = Release|Any CPU
	EndGlobalSection
	GlobalSection(SolutionProperties) = preSolution
		HideSolutionNode = FALSE
	EndGlobalSection
	GlobalSection(ExtensibilityGlobals) = postSolution
		SolutionGuid = {F431EC7F-B70F-4874-87E3-A02314E3D040}
	EndGlobalSection
EndGlobal
